// !$*UTF8*$!
{
	archiveVersion = 1;
	classes = {
	};
	objectVersion = 56;
	objects = {

/* Begin PBXBuildFile section */
		F70FC9152C6A581100A6106E /* ArrowRightButton.swift in Sources */ = {isa = PBXBuildFile; fileRef = F70FC9142C6A581100A6106E /* ArrowRightButton.swift */; };
		F713CD7F2C9437FC00C4F647 /* SecondaryButton.swift in Sources */ = {isa = PBXBuildFile; fileRef = F713CD7E2C9437FC00C4F647 /* SecondaryButton.swift */; };
		F737B7F62C77796300BC7E64 /* Binding+toUnwrapped.swift in Sources */ = {isa = PBXBuildFile; fileRef = F737B7F52C77796300BC7E64 /* Binding+toUnwrapped.swift */; };
		F737B7F82C77987600BC7E64 /* ProfileTabView.swift in Sources */ = {isa = PBXBuildFile; fileRef = F737B7F72C77987600BC7E64 /* ProfileTabView.swift */; };
		F7403A062C282E8C00A9A138 /* LoginView.swift in Sources */ = {isa = PBXBuildFile; fileRef = F7403A052C282E8C00A9A138 /* LoginView.swift */; };
		F7403A082C28345D00A9A138 /* PrimaryButton.swift in Sources */ = {isa = PBXBuildFile; fileRef = F7403A072C28345D00A9A138 /* PrimaryButton.swift */; };
		F7403A0D2C28633800A9A138 /* ProfileView.swift in Sources */ = {isa = PBXBuildFile; fileRef = F7403A0C2C28633800A9A138 /* ProfileView.swift */; };
		F74F26F32C739F720095DC2E /* Constant.swift in Sources */ = {isa = PBXBuildFile; fileRef = F74F26F22C739F720095DC2E /* Constant.swift */; };
		F74F26F52C73A1810095DC2E /* SettingsView.swift in Sources */ = {isa = PBXBuildFile; fileRef = F74F26F42C73A1810095DC2E /* SettingsView.swift */; };
		F75831122C909AD700736C5F /* ProductListView.swift in Sources */ = {isa = PBXBuildFile; fileRef = F75831112C909AD700736C5F /* ProductListView.swift */; };
		F75831142C90A37300736C5F /* ProductView.swift in Sources */ = {isa = PBXBuildFile; fileRef = F75831132C90A37300736C5F /* ProductView.swift */; };
		F764FCDA2C6138E600506AA2 /* CatalogTabView.swift in Sources */ = {isa = PBXBuildFile; fileRef = F764FCD92C6138E600506AA2 /* CatalogTabView.swift */; };
		F764FCDC2C6139C600506AA2 /* BasketTabView.swift in Sources */ = {isa = PBXBuildFile; fileRef = F764FCDB2C6139C600506AA2 /* BasketTabView.swift */; };
		F764FCDF2C6170AE00506AA2 /* PrimaryTextField.swift in Sources */ = {isa = PBXBuildFile; fileRef = F764FCDE2C6170AE00506AA2 /* PrimaryTextField.swift */; };
		F768E9012C96DB6200E92AAC /* SelectableButton.swift in Sources */ = {isa = PBXBuildFile; fileRef = F768E9002C96DB6200E92AAC /* SelectableButton.swift */; };
		F768E9032C96E5AB00E92AAC /* ProductSheetView.swift in Sources */ = {isa = PBXBuildFile; fileRef = F768E9022C96E5AB00E92AAC /* ProductSheetView.swift */; };
		F770AC7D2C8C708A00161E02 /* Category.swift in Sources */ = {isa = PBXBuildFile; fileRef = F770AC7C2C8C708A00161E02 /* Category.swift */; };
		F770AC7F2C8C70FA00161E02 /* CatalogViewModel.swift in Sources */ = {isa = PBXBuildFile; fileRef = F770AC7E2C8C70FA00161E02 /* CatalogViewModel.swift */; };
		F770AC812C8C71DE00161E02 /* Product.swift in Sources */ = {isa = PBXBuildFile; fileRef = F770AC802C8C71DE00161E02 /* Product.swift */; };
		F770AC852C8C7EB600161E02 /* CatalogView.swift in Sources */ = {isa = PBXBuildFile; fileRef = F770AC842C8C7EB600161E02 /* CatalogView.swift */; };
		F770AC872C8CA0F900161E02 /* CategoryView.swift in Sources */ = {isa = PBXBuildFile; fileRef = F770AC862C8CA0F900161E02 /* CategoryView.swift */; };
		F770AC8A2C8CA19D00161E02 /* MockData.swift in Sources */ = {isa = PBXBuildFile; fileRef = F770AC892C8CA19D00161E02 /* MockData.swift */; };
		F779EA722C9C784F0006ECFE /* BasketViewModel.swift in Sources */ = {isa = PBXBuildFile; fileRef = F779EA712C9C784F0006ECFE /* BasketViewModel.swift */; };
		F779EA762C9C7A230006ECFE /* BasketView.swift in Sources */ = {isa = PBXBuildFile; fileRef = F779EA752C9C7A230006ECFE /* BasketView.swift */; };
		F78D90BC2C34745B00CD9DBC /* GoogleService-Info.plist in Resources */ = {isa = PBXBuildFile; fileRef = F78D90BB2C34745B00CD9DBC /* GoogleService-Info.plist */; };
		F78D90BF2C34772F00CD9DBC /* FirebaseAnalytics in Frameworks */ = {isa = PBXBuildFile; productRef = F78D90BE2C34772F00CD9DBC /* FirebaseAnalytics */; };
		F78D90C12C34772F00CD9DBC /* FirebaseAnalyticsWithoutAdIdSupport in Frameworks */ = {isa = PBXBuildFile; productRef = F78D90C02C34772F00CD9DBC /* FirebaseAnalyticsWithoutAdIdSupport */; };
		F78D90C32C34772F00CD9DBC /* FirebaseAuth in Frameworks */ = {isa = PBXBuildFile; productRef = F78D90C22C34772F00CD9DBC /* FirebaseAuth */; };
		F78D90C52C34772F00CD9DBC /* FirebaseCrashlytics in Frameworks */ = {isa = PBXBuildFile; productRef = F78D90C42C34772F00CD9DBC /* FirebaseCrashlytics */; };
		F78D90C72C34772F00CD9DBC /* FirebaseDatabase in Frameworks */ = {isa = PBXBuildFile; productRef = F78D90C62C34772F00CD9DBC /* FirebaseDatabase */; };
		F78D90C92C34772F00CD9DBC /* FirebaseDynamicLinks in Frameworks */ = {isa = PBXBuildFile; productRef = F78D90C82C34772F00CD9DBC /* FirebaseDynamicLinks */; };
		F78D90CB2C34772F00CD9DBC /* FirebaseFirestore in Frameworks */ = {isa = PBXBuildFile; productRef = F78D90CA2C34772F00CD9DBC /* FirebaseFirestore */; };
		F78D90CD2C34772F00CD9DBC /* FirebaseInstallations in Frameworks */ = {isa = PBXBuildFile; productRef = F78D90CC2C34772F00CD9DBC /* FirebaseInstallations */; };
		F78D90CF2C34772F00CD9DBC /* FirebaseMessaging in Frameworks */ = {isa = PBXBuildFile; productRef = F78D90CE2C34772F00CD9DBC /* FirebaseMessaging */; };
		F78D90D12C34772F00CD9DBC /* FirebasePerformance in Frameworks */ = {isa = PBXBuildFile; productRef = F78D90D02C34772F00CD9DBC /* FirebasePerformance */; };
		F78D90D32C34772F00CD9DBC /* FirebaseRemoteConfig in Frameworks */ = {isa = PBXBuildFile; productRef = F78D90D22C34772F00CD9DBC /* FirebaseRemoteConfig */; };
		F78D90D52C34772F00CD9DBC /* FirebaseStorage in Frameworks */ = {isa = PBXBuildFile; productRef = F78D90D42C34772F00CD9DBC /* FirebaseStorage */; };
		F79534772CA5AC96001E7AE2 /* AppRouter.swift in Sources */ = {isa = PBXBuildFile; fileRef = F79534762CA5AC96001E7AE2 /* AppRouter.swift */; };
		F79534792CA5C3CD001E7AE2 /* AppDestination.swift in Sources */ = {isa = PBXBuildFile; fileRef = F79534782CA5C3CD001E7AE2 /* AppDestination.swift */; };
		F79FDC542C9A132000BCA68A /* NoImageView.swift in Sources */ = {isa = PBXBuildFile; fileRef = F79FDC532C9A132000BCA68A /* NoImageView.swift */; };
		F7B0D2A92C275A3B0017DCD7 /* ProfileViewModel.swift in Sources */ = {isa = PBXBuildFile; fileRef = F7B0D2A82C275A3B0017DCD7 /* ProfileViewModel.swift */; };
		F7B0D2AB2C275A6D0017DCD7 /* Alert.swift in Sources */ = {isa = PBXBuildFile; fileRef = F7B0D2AA2C275A6D0017DCD7 /* Alert.swift */; };
		F7B0D2AD2C275A870017DCD7 /* User.swift in Sources */ = {isa = PBXBuildFile; fileRef = F7B0D2AC2C275A870017DCD7 /* User.swift */; };
		F7B0D2AF2C275AB40017DCD7 /* String+isValidEmail.swift in Sources */ = {isa = PBXBuildFile; fileRef = F7B0D2AE2C275AB40017DCD7 /* String+isValidEmail.swift */; };
		F7C48A842C917B75008D2EAC /* ProductDetailView.swift in Sources */ = {isa = PBXBuildFile; fileRef = F7C48A832C917B75008D2EAC /* ProductDetailView.swift */; };
		F7EAFD042C7E2DE90052088E /* StorageManager.swift in Sources */ = {isa = PBXBuildFile; fileRef = F7EAFD032C7E2DE90052088E /* StorageManager.swift */; };
		F7EEE8A22C1F05260045C760 /* HandCraftedApp.swift in Sources */ = {isa = PBXBuildFile; fileRef = F7EEE8A12C1F05260045C760 /* HandCraftedApp.swift */; };
		F7EEE8A42C1F05260045C760 /* TabsView.swift in Sources */ = {isa = PBXBuildFile; fileRef = F7EEE8A32C1F05260045C760 /* TabsView.swift */; };
		F7EEE8A62C1F05280045C760 /* Assets.xcassets in Resources */ = {isa = PBXBuildFile; fileRef = F7EEE8A52C1F05280045C760 /* Assets.xcassets */; };
		F7EEE8A92C1F05280045C760 /* Preview Assets.xcassets in Resources */ = {isa = PBXBuildFile; fileRef = F7EEE8A82C1F05280045C760 /* Preview Assets.xcassets */; };
		F7FEF2502C617FB800DE29FC /* RegisterView.swift in Sources */ = {isa = PBXBuildFile; fileRef = F7FEF24F2C617FB800DE29FC /* RegisterView.swift */; };
		F7FEF2522C64CC8800DE29FC /* ForgotPasswordView.swift in Sources */ = {isa = PBXBuildFile; fileRef = F7FEF2512C64CC8800DE29FC /* ForgotPasswordView.swift */; };
		F7FEF2542C64DA9D00DE29FC /* RecoveryPasswordRequestedView.swift in Sources */ = {isa = PBXBuildFile; fileRef = F7FEF2532C64DA9D00DE29FC /* RecoveryPasswordRequestedView.swift */; };
		F7FEF2592C67D2C800DE29FC /* AuthManager.swift in Sources */ = {isa = PBXBuildFile; fileRef = F7FEF2582C67D2C700DE29FC /* AuthManager.swift */; };
		F7FEF25C2C67FF9A00DE29FC /* DatabaseManager.swift in Sources */ = {isa = PBXBuildFile; fileRef = F7FEF25B2C67FF9A00DE29FC /* DatabaseManager.swift */; };
/* End PBXBuildFile section */

/* Begin PBXFileReference section */
		F70FC9142C6A581100A6106E /* ArrowRightButton.swift */ = {isa = PBXFileReference; lastKnownFileType = sourcecode.swift; path = ArrowRightButton.swift; sourceTree = "<group>"; };
		F713CD7E2C9437FC00C4F647 /* SecondaryButton.swift */ = {isa = PBXFileReference; lastKnownFileType = sourcecode.swift; path = SecondaryButton.swift; sourceTree = "<group>"; };
		F737B7F52C77796300BC7E64 /* Binding+toUnwrapped.swift */ = {isa = PBXFileReference; lastKnownFileType = sourcecode.swift; path = "Binding+toUnwrapped.swift"; sourceTree = "<group>"; };
		F737B7F72C77987600BC7E64 /* ProfileTabView.swift */ = {isa = PBXFileReference; fileEncoding = 4; lastKnownFileType = sourcecode.swift; path = ProfileTabView.swift; sourceTree = "<group>"; };
		F7403A052C282E8C00A9A138 /* LoginView.swift */ = {isa = PBXFileReference; lastKnownFileType = sourcecode.swift; path = LoginView.swift; sourceTree = "<group>"; };
		F7403A072C28345D00A9A138 /* PrimaryButton.swift */ = {isa = PBXFileReference; lastKnownFileType = sourcecode.swift; path = PrimaryButton.swift; sourceTree = "<group>"; };
		F7403A0C2C28633800A9A138 /* ProfileView.swift */ = {isa = PBXFileReference; lastKnownFileType = sourcecode.swift; path = ProfileView.swift; sourceTree = "<group>"; };
		F74F26F22C739F720095DC2E /* Constant.swift */ = {isa = PBXFileReference; lastKnownFileType = sourcecode.swift; path = Constant.swift; sourceTree = "<group>"; };
		F74F26F42C73A1810095DC2E /* SettingsView.swift */ = {isa = PBXFileReference; lastKnownFileType = sourcecode.swift; path = SettingsView.swift; sourceTree = "<group>"; };
		F75831112C909AD700736C5F /* ProductListView.swift */ = {isa = PBXFileReference; lastKnownFileType = sourcecode.swift; path = ProductListView.swift; sourceTree = "<group>"; };
		F75831132C90A37300736C5F /* ProductView.swift */ = {isa = PBXFileReference; lastKnownFileType = sourcecode.swift; path = ProductView.swift; sourceTree = "<group>"; };
		F764FCD92C6138E600506AA2 /* CatalogTabView.swift */ = {isa = PBXFileReference; lastKnownFileType = sourcecode.swift; path = CatalogTabView.swift; sourceTree = "<group>"; };
		F764FCDB2C6139C600506AA2 /* BasketTabView.swift */ = {isa = PBXFileReference; lastKnownFileType = sourcecode.swift; path = BasketTabView.swift; sourceTree = "<group>"; };
		F764FCDE2C6170AE00506AA2 /* PrimaryTextField.swift */ = {isa = PBXFileReference; lastKnownFileType = sourcecode.swift; path = PrimaryTextField.swift; sourceTree = "<group>"; };
		F768E9002C96DB6200E92AAC /* SelectableButton.swift */ = {isa = PBXFileReference; lastKnownFileType = sourcecode.swift; path = SelectableButton.swift; sourceTree = "<group>"; };
		F768E9022C96E5AB00E92AAC /* ProductSheetView.swift */ = {isa = PBXFileReference; lastKnownFileType = sourcecode.swift; path = ProductSheetView.swift; sourceTree = "<group>"; };
		F770AC7C2C8C708A00161E02 /* Category.swift */ = {isa = PBXFileReference; lastKnownFileType = sourcecode.swift; path = Category.swift; sourceTree = "<group>"; };
		F770AC7E2C8C70FA00161E02 /* CatalogViewModel.swift */ = {isa = PBXFileReference; lastKnownFileType = sourcecode.swift; path = CatalogViewModel.swift; sourceTree = "<group>"; };
		F770AC802C8C71DE00161E02 /* Product.swift */ = {isa = PBXFileReference; lastKnownFileType = sourcecode.swift; path = Product.swift; sourceTree = "<group>"; };
		F770AC842C8C7EB600161E02 /* CatalogView.swift */ = {isa = PBXFileReference; lastKnownFileType = sourcecode.swift; path = CatalogView.swift; sourceTree = "<group>"; };
		F770AC862C8CA0F900161E02 /* CategoryView.swift */ = {isa = PBXFileReference; lastKnownFileType = sourcecode.swift; path = CategoryView.swift; sourceTree = "<group>"; };
		F770AC892C8CA19D00161E02 /* MockData.swift */ = {isa = PBXFileReference; lastKnownFileType = sourcecode.swift; path = MockData.swift; sourceTree = "<group>"; };
		F779EA712C9C784F0006ECFE /* BasketViewModel.swift */ = {isa = PBXFileReference; lastKnownFileType = sourcecode.swift; path = BasketViewModel.swift; sourceTree = "<group>"; };
		F779EA752C9C7A230006ECFE /* BasketView.swift */ = {isa = PBXFileReference; lastKnownFileType = sourcecode.swift; path = BasketView.swift; sourceTree = "<group>"; };
		F78D90BB2C34745B00CD9DBC /* GoogleService-Info.plist */ = {isa = PBXFileReference; fileEncoding = 4; lastKnownFileType = text.plist.xml; path = "GoogleService-Info.plist"; sourceTree = "<group>"; };
		F79534762CA5AC96001E7AE2 /* AppRouter.swift */ = {isa = PBXFileReference; lastKnownFileType = sourcecode.swift; path = AppRouter.swift; sourceTree = "<group>"; };
		F79534782CA5C3CD001E7AE2 /* AppDestination.swift */ = {isa = PBXFileReference; lastKnownFileType = sourcecode.swift; path = AppDestination.swift; sourceTree = "<group>"; };
		F79FDC532C9A132000BCA68A /* NoImageView.swift */ = {isa = PBXFileReference; lastKnownFileType = sourcecode.swift; path = NoImageView.swift; sourceTree = "<group>"; };
		F7B0D2A82C275A3B0017DCD7 /* ProfileViewModel.swift */ = {isa = PBXFileReference; lastKnownFileType = sourcecode.swift; path = ProfileViewModel.swift; sourceTree = "<group>"; };
		F7B0D2AA2C275A6D0017DCD7 /* Alert.swift */ = {isa = PBXFileReference; lastKnownFileType = sourcecode.swift; path = Alert.swift; sourceTree = "<group>"; };
		F7B0D2AC2C275A870017DCD7 /* User.swift */ = {isa = PBXFileReference; lastKnownFileType = sourcecode.swift; path = User.swift; sourceTree = "<group>"; };
		F7B0D2AE2C275AB40017DCD7 /* String+isValidEmail.swift */ = {isa = PBXFileReference; lastKnownFileType = sourcecode.swift; path = "String+isValidEmail.swift"; sourceTree = "<group>"; };
		F7C48A832C917B75008D2EAC /* ProductDetailView.swift */ = {isa = PBXFileReference; lastKnownFileType = sourcecode.swift; path = ProductDetailView.swift; sourceTree = "<group>"; };
		F7EAFD032C7E2DE90052088E /* StorageManager.swift */ = {isa = PBXFileReference; lastKnownFileType = sourcecode.swift; path = StorageManager.swift; sourceTree = "<group>"; };
		F7EEE89E2C1F05260045C760 /* HandCrafted.app */ = {isa = PBXFileReference; explicitFileType = wrapper.application; includeInIndex = 0; path = HandCrafted.app; sourceTree = BUILT_PRODUCTS_DIR; };
		F7EEE8A12C1F05260045C760 /* HandCraftedApp.swift */ = {isa = PBXFileReference; lastKnownFileType = sourcecode.swift; path = HandCraftedApp.swift; sourceTree = "<group>"; };
		F7EEE8A32C1F05260045C760 /* TabsView.swift */ = {isa = PBXFileReference; lastKnownFileType = sourcecode.swift; path = TabsView.swift; sourceTree = "<group>"; };
		F7EEE8A52C1F05280045C760 /* Assets.xcassets */ = {isa = PBXFileReference; lastKnownFileType = folder.assetcatalog; path = Assets.xcassets; sourceTree = "<group>"; };
		F7EEE8A82C1F05280045C760 /* Preview Assets.xcassets */ = {isa = PBXFileReference; lastKnownFileType = folder.assetcatalog; path = "Preview Assets.xcassets"; sourceTree = "<group>"; };
		F7FEF24F2C617FB800DE29FC /* RegisterView.swift */ = {isa = PBXFileReference; lastKnownFileType = sourcecode.swift; path = RegisterView.swift; sourceTree = "<group>"; };
		F7FEF2512C64CC8800DE29FC /* ForgotPasswordView.swift */ = {isa = PBXFileReference; lastKnownFileType = sourcecode.swift; path = ForgotPasswordView.swift; sourceTree = "<group>"; };
		F7FEF2532C64DA9D00DE29FC /* RecoveryPasswordRequestedView.swift */ = {isa = PBXFileReference; lastKnownFileType = sourcecode.swift; path = RecoveryPasswordRequestedView.swift; sourceTree = "<group>"; };
		F7FEF2582C67D2C700DE29FC /* AuthManager.swift */ = {isa = PBXFileReference; lastKnownFileType = sourcecode.swift; path = AuthManager.swift; sourceTree = "<group>"; };
		F7FEF25B2C67FF9A00DE29FC /* DatabaseManager.swift */ = {isa = PBXFileReference; lastKnownFileType = sourcecode.swift; path = DatabaseManager.swift; sourceTree = "<group>"; };
/* End PBXFileReference section */

/* Begin PBXFrameworksBuildPhase section */
		F7EEE89B2C1F05260045C760 /* Frameworks */ = {
			isa = PBXFrameworksBuildPhase;
			buildActionMask = 2147483647;
			files = (
				F78D90D32C34772F00CD9DBC /* FirebaseRemoteConfig in Frameworks */,
				F78D90CF2C34772F00CD9DBC /* FirebaseMessaging in Frameworks */,
				F78D90C72C34772F00CD9DBC /* FirebaseDatabase in Frameworks */,
				F78D90D12C34772F00CD9DBC /* FirebasePerformance in Frameworks */,
				F78D90BF2C34772F00CD9DBC /* FirebaseAnalytics in Frameworks */,
				F78D90D52C34772F00CD9DBC /* FirebaseStorage in Frameworks */,
				F78D90C52C34772F00CD9DBC /* FirebaseCrashlytics in Frameworks */,
				F78D90CD2C34772F00CD9DBC /* FirebaseInstallations in Frameworks */,
				F78D90C32C34772F00CD9DBC /* FirebaseAuth in Frameworks */,
				F78D90C12C34772F00CD9DBC /* FirebaseAnalyticsWithoutAdIdSupport in Frameworks */,
				F78D90C92C34772F00CD9DBC /* FirebaseDynamicLinks in Frameworks */,
				F78D90CB2C34772F00CD9DBC /* FirebaseFirestore in Frameworks */,
			);
			runOnlyForDeploymentPostprocessing = 0;
		};
/* End PBXFrameworksBuildPhase section */

/* Begin PBXGroup section */
		F764FCD82C6138A600506AA2 /* CatalogView */ = {
			isa = PBXGroup;
			children = (
				F764FCD92C6138E600506AA2 /* CatalogTabView.swift */,
				F770AC842C8C7EB600161E02 /* CatalogView.swift */,
				F770AC7E2C8C70FA00161E02 /* CatalogViewModel.swift */,
				F770AC882C8CA0FF00161E02 /* Views */,
				F75831112C909AD700736C5F /* ProductListView.swift */,
				F7C48A832C917B75008D2EAC /* ProductDetailView.swift */,
			);
			path = CatalogView;
			sourceTree = "<group>";
		};
		F764FCDD2C6139CA00506AA2 /* BasketView */ = {
			isa = PBXGroup;
			children = (
				F764FCDB2C6139C600506AA2 /* BasketTabView.swift */,
				F779EA752C9C7A230006ECFE /* BasketView.swift */,
				F779EA712C9C784F0006ECFE /* BasketViewModel.swift */,
			);
			path = BasketView;
			sourceTree = "<group>";
		};
		F770AC882C8CA0FF00161E02 /* Views */ = {
			isa = PBXGroup;
			children = (
				F770AC862C8CA0F900161E02 /* CategoryView.swift */,
				F75831132C90A37300736C5F /* ProductView.swift */,
				F768E9022C96E5AB00E92AAC /* ProductSheetView.swift */,
			);
			path = Views;
			sourceTree = "<group>";
		};
		F77401DC2C275E6C0039D2F4 /* Screens */ = {
			isa = PBXGroup;
			children = (
				F74F26F42C73A1810095DC2E /* SettingsView.swift */,
				F7403A0C2C28633800A9A138 /* ProfileView.swift */,
				F7FEF24F2C617FB800DE29FC /* RegisterView.swift */,
				F7403A052C282E8C00A9A138 /* LoginView.swift */,
				F7FEF2512C64CC8800DE29FC /* ForgotPasswordView.swift */,
				F7FEF2532C64DA9D00DE29FC /* RecoveryPasswordRequestedView.swift */,
				F764FCD82C6138A600506AA2 /* CatalogView */,
				F764FCDD2C6139CA00506AA2 /* BasketView */,
				F77401DD2C275E810039D2F4 /* ProfileView */,
			);
			path = Screens;
			sourceTree = "<group>";
		};
		F77401DD2C275E810039D2F4 /* ProfileView */ = {
			isa = PBXGroup;
			children = (
				F737B7F72C77987600BC7E64 /* ProfileTabView.swift */,
				F7B0D2A82C275A3B0017DCD7 /* ProfileViewModel.swift */,
			);
			path = ProfileView;
			sourceTree = "<group>";
		};
		F77401DE2C275E940039D2F4 /* Models */ = {
			isa = PBXGroup;
			children = (
				F7B0D2AC2C275A870017DCD7 /* User.swift */,
				F770AC7C2C8C708A00161E02 /* Category.swift */,
				F770AC802C8C71DE00161E02 /* Product.swift */,
			);
			path = Models;
			sourceTree = "<group>";
		};
		F77401DF2C275EA70039D2F4 /* Views */ = {
			isa = PBXGroup;
			children = (
				F7B0D2AA2C275A6D0017DCD7 /* Alert.swift */,
				F7403A072C28345D00A9A138 /* PrimaryButton.swift */,
				F768E9002C96DB6200E92AAC /* SelectableButton.swift */,
				F713CD7E2C9437FC00C4F647 /* SecondaryButton.swift */,
				F70FC9142C6A581100A6106E /* ArrowRightButton.swift */,
				F764FCDE2C6170AE00506AA2 /* PrimaryTextField.swift */,
				F79FDC532C9A132000BCA68A /* NoImageView.swift */,
			);
			path = Views;
			sourceTree = "<group>";
		};
		F77401E02C275EB00039D2F4 /* Extensions */ = {
			isa = PBXGroup;
			children = (
				F7B0D2AE2C275AB40017DCD7 /* String+isValidEmail.swift */,
				F737B7F52C77796300BC7E64 /* Binding+toUnwrapped.swift */,
			);
			path = Extensions;
			sourceTree = "<group>";
		};
		F78D90BA2C34744600CD9DBC /* Firebase */ = {
			isa = PBXGroup;
			children = (
				F78D90BB2C34745B00CD9DBC /* GoogleService-Info.plist */,
			);
			path = Firebase;
			sourceTree = "<group>";
		};
		F7EEE8952C1F05260045C760 = {
			isa = PBXGroup;
			children = (
				F78D90BA2C34744600CD9DBC /* Firebase */,
				F7FEF25D2C67FF9E00DE29FC /* Database */,
				F7FEF25A2C67D2D700DE29FC /* Network */,
				F7FEF2572C67BE3A00DE29FC /* Navigation */,
				F7EEE8A02C1F05260045C760 /* HandCrafted */,
				F7EEE89F2C1F05260045C760 /* Products */,
			);
			sourceTree = "<group>";
		};
		F7EEE89F2C1F05260045C760 /* Products */ = {
			isa = PBXGroup;
			children = (
				F7EEE89E2C1F05260045C760 /* HandCrafted.app */,
			);
			name = Products;
			sourceTree = "<group>";
		};
		F7EEE8A02C1F05260045C760 /* HandCrafted */ = {
			isa = PBXGroup;
			children = (
				F7EEE8A12C1F05260045C760 /* HandCraftedApp.swift */,
				F7EEE8A32C1F05260045C760 /* TabsView.swift */,
				F77401DC2C275E6C0039D2F4 /* Screens */,
				F77401E02C275EB00039D2F4 /* Extensions */,
				F77401DF2C275EA70039D2F4 /* Views */,
				F77401DE2C275E940039D2F4 /* Models */,
				F7EEE8A52C1F05280045C760 /* Assets.xcassets */,
				F7EEE8A72C1F05280045C760 /* Preview Content */,
				F74F26F22C739F720095DC2E /* Constant.swift */,
			);
			path = HandCrafted;
			sourceTree = "<group>";
		};
		F7EEE8A72C1F05280045C760 /* Preview Content */ = {
			isa = PBXGroup;
			children = (
				F7EEE8A82C1F05280045C760 /* Preview Assets.xcassets */,
			);
			path = "Preview Content";
			sourceTree = "<group>";
		};
		F7FEF2572C67BE3A00DE29FC /* Navigation */ = {
			isa = PBXGroup;
			children = (
				F79534762CA5AC96001E7AE2 /* AppRouter.swift */,
				F79534782CA5C3CD001E7AE2 /* AppDestination.swift */,
			);
			path = Navigation;
			sourceTree = "<group>";
		};
		F7FEF25A2C67D2D700DE29FC /* Network */ = {
			isa = PBXGroup;
			children = (
				F7FEF2582C67D2C700DE29FC /* AuthManager.swift */,
			);
			path = Network;
			sourceTree = "<group>";
		};
		F7FEF25D2C67FF9E00DE29FC /* Database */ = {
			isa = PBXGroup;
			children = (
				F7FEF25B2C67FF9A00DE29FC /* DatabaseManager.swift */,
				F7EAFD032C7E2DE90052088E /* StorageManager.swift */,
				F770AC892C8CA19D00161E02 /* MockData.swift */,
			);
			path = Database;
			sourceTree = "<group>";
		};
/* End PBXGroup section */

/* Begin PBXNativeTarget section */
		F7EEE89D2C1F05260045C760 /* HandCrafted */ = {
			isa = PBXNativeTarget;
			buildConfigurationList = F7EEE8AC2C1F05280045C760 /* Build configuration list for PBXNativeTarget "HandCrafted" */;
			buildPhases = (
				F7EEE89A2C1F05260045C760 /* Sources */,
				F7EEE89B2C1F05260045C760 /* Frameworks */,
				F7EEE89C2C1F05260045C760 /* Resources */,
			);
			buildRules = (
			);
			dependencies = (
			);
			name = HandCrafted;
			packageProductDependencies = (
				F78D90BE2C34772F00CD9DBC /* FirebaseAnalytics */,
				F78D90C02C34772F00CD9DBC /* FirebaseAnalyticsWithoutAdIdSupport */,
				F78D90C22C34772F00CD9DBC /* FirebaseAuth */,
				F78D90C42C34772F00CD9DBC /* FirebaseCrashlytics */,
				F78D90C62C34772F00CD9DBC /* FirebaseDatabase */,
				F78D90C82C34772F00CD9DBC /* FirebaseDynamicLinks */,
				F78D90CA2C34772F00CD9DBC /* FirebaseFirestore */,
				F78D90CC2C34772F00CD9DBC /* FirebaseInstallations */,
				F78D90CE2C34772F00CD9DBC /* FirebaseMessaging */,
				F78D90D02C34772F00CD9DBC /* FirebasePerformance */,
				F78D90D22C34772F00CD9DBC /* FirebaseRemoteConfig */,
				F78D90D42C34772F00CD9DBC /* FirebaseStorage */,
			);
			productName = HandCrafted;
			productReference = F7EEE89E2C1F05260045C760 /* HandCrafted.app */;
			productType = "com.apple.product-type.application";
		};
/* End PBXNativeTarget section */

/* Begin PBXProject section */
		F7EEE8962C1F05260045C760 /* Project object */ = {
			isa = PBXProject;
			attributes = {
				BuildIndependentTargetsInParallel = 1;
				LastSwiftUpdateCheck = 1540;
				LastUpgradeCheck = 1540;
				TargetAttributes = {
					F7EEE89D2C1F05260045C760 = {
						CreatedOnToolsVersion = 15.4;
					};
				};
			};
			buildConfigurationList = F7EEE8992C1F05260045C760 /* Build configuration list for PBXProject "HandCrafted" */;
			compatibilityVersion = "Xcode 14.0";
			developmentRegion = en;
			hasScannedForEncodings = 0;
			knownRegions = (
				en,
				Base,
			);
			mainGroup = F7EEE8952C1F05260045C760;
			packageReferences = (
				F78D90BD2C34772F00CD9DBC /* XCRemoteSwiftPackageReference "firebase-ios-sdk" */,
			);
			productRefGroup = F7EEE89F2C1F05260045C760 /* Products */;
			projectDirPath = "";
			projectRoot = "";
			targets = (
				F7EEE89D2C1F05260045C760 /* HandCrafted */,
			);
		};
/* End PBXProject section */

/* Begin PBXResourcesBuildPhase section */
		F7EEE89C2C1F05260045C760 /* Resources */ = {
			isa = PBXResourcesBuildPhase;
			buildActionMask = 2147483647;
			files = (
				F7EEE8A92C1F05280045C760 /* Preview Assets.xcassets in Resources */,
				F7EEE8A62C1F05280045C760 /* Assets.xcassets in Resources */,
				F78D90BC2C34745B00CD9DBC /* GoogleService-Info.plist in Resources */,
			);
			runOnlyForDeploymentPostprocessing = 0;
		};
/* End PBXResourcesBuildPhase section */

/* Begin PBXSourcesBuildPhase section */
		F7EEE89A2C1F05260045C760 /* Sources */ = {
			isa = PBXSourcesBuildPhase;
			buildActionMask = 2147483647;
			files = (
				F713CD7F2C9437FC00C4F647 /* SecondaryButton.swift in Sources */,
				F75831122C909AD700736C5F /* ProductListView.swift in Sources */,
				F7C48A842C917B75008D2EAC /* ProductDetailView.swift in Sources */,
				F7FEF2522C64CC8800DE29FC /* ForgotPasswordView.swift in Sources */,
				F764FCDC2C6139C600506AA2 /* BasketTabView.swift in Sources */,
				F7EAFD042C7E2DE90052088E /* StorageManager.swift in Sources */,
				F779EA762C9C7A230006ECFE /* BasketView.swift in Sources */,
				F75831142C90A37300736C5F /* ProductView.swift in Sources */,
				F7B0D2AF2C275AB40017DCD7 /* String+isValidEmail.swift in Sources */,
				F770AC852C8C7EB600161E02 /* CatalogView.swift in Sources */,
				F7EEE8A42C1F05260045C760 /* TabsView.swift in Sources */,
				F768E9032C96E5AB00E92AAC /* ProductSheetView.swift in Sources */,
				F7403A082C28345D00A9A138 /* PrimaryButton.swift in Sources */,
				F737B7F62C77796300BC7E64 /* Binding+toUnwrapped.swift in Sources */,
				F770AC7D2C8C708A00161E02 /* Category.swift in Sources */,
				F74F26F52C73A1810095DC2E /* SettingsView.swift in Sources */,
				F7B0D2AD2C275A870017DCD7 /* User.swift in Sources */,
				F770AC8A2C8CA19D00161E02 /* MockData.swift in Sources */,
				F79534792CA5C3CD001E7AE2 /* AppDestination.swift in Sources */,
				F74F26F32C739F720095DC2E /* Constant.swift in Sources */,
				F770AC812C8C71DE00161E02 /* Product.swift in Sources */,
				F70FC9152C6A581100A6106E /* ArrowRightButton.swift in Sources */,
				F7B0D2A92C275A3B0017DCD7 /* ProfileViewModel.swift in Sources */,
				F7FEF2542C64DA9D00DE29FC /* RecoveryPasswordRequestedView.swift in Sources */,
				F7FEF2592C67D2C800DE29FC /* AuthManager.swift in Sources */,
				F770AC7F2C8C70FA00161E02 /* CatalogViewModel.swift in Sources */,
				F79FDC542C9A132000BCA68A /* NoImageView.swift in Sources */,
				F737B7F82C77987600BC7E64 /* ProfileTabView.swift in Sources */,
				F79534772CA5AC96001E7AE2 /* AppRouter.swift in Sources */,
				F779EA722C9C784F0006ECFE /* BasketViewModel.swift in Sources */,
				F7B0D2AB2C275A6D0017DCD7 /* Alert.swift in Sources */,
				F7403A062C282E8C00A9A138 /* LoginView.swift in Sources */,
				F768E9012C96DB6200E92AAC /* SelectableButton.swift in Sources */,
				F7403A0D2C28633800A9A138 /* ProfileView.swift in Sources */,
				F770AC872C8CA0F900161E02 /* CategoryView.swift in Sources */,
				F7FEF2502C617FB800DE29FC /* RegisterView.swift in Sources */,
				F764FCDA2C6138E600506AA2 /* CatalogTabView.swift in Sources */,
				F7EEE8A22C1F05260045C760 /* HandCraftedApp.swift in Sources */,
				F764FCDF2C6170AE00506AA2 /* PrimaryTextField.swift in Sources */,
				F7FEF25C2C67FF9A00DE29FC /* DatabaseManager.swift in Sources */,
			);
			runOnlyForDeploymentPostprocessing = 0;
		};
/* End PBXSourcesBuildPhase section */

/* Begin XCBuildConfiguration section */
		F7EEE8AA2C1F05280045C760 /* Debug */ = {
			isa = XCBuildConfiguration;
			buildSettings = {
				ALWAYS_SEARCH_USER_PATHS = NO;
				ASSETCATALOG_COMPILER_GENERATE_SWIFT_ASSET_SYMBOL_EXTENSIONS = YES;
				CLANG_ANALYZER_NONNULL = YES;
				CLANG_ANALYZER_NUMBER_OBJECT_CONVERSION = YES_AGGRESSIVE;
				CLANG_CXX_LANGUAGE_STANDARD = "gnu++20";
				CLANG_ENABLE_MODULES = YES;
				CLANG_ENABLE_OBJC_ARC = YES;
				CLANG_ENABLE_OBJC_WEAK = YES;
				CLANG_WARN_BLOCK_CAPTURE_AUTORELEASING = YES;
				CLANG_WARN_BOOL_CONVERSION = YES;
				CLANG_WARN_COMMA = YES;
				CLANG_WARN_CONSTANT_CONVERSION = YES;
				CLANG_WARN_DEPRECATED_OBJC_IMPLEMENTATIONS = YES;
				CLANG_WARN_DIRECT_OBJC_ISA_USAGE = YES_ERROR;
				CLANG_WARN_DOCUMENTATION_COMMENTS = YES;
				CLANG_WARN_EMPTY_BODY = YES;
				CLANG_WARN_ENUM_CONVERSION = YES;
				CLANG_WARN_INFINITE_RECURSION = YES;
				CLANG_WARN_INT_CONVERSION = YES;
				CLANG_WARN_NON_LITERAL_NULL_CONVERSION = YES;
				CLANG_WARN_OBJC_IMPLICIT_RETAIN_SELF = YES;
				CLANG_WARN_OBJC_LITERAL_CONVERSION = YES;
				CLANG_WARN_OBJC_ROOT_CLASS = YES_ERROR;
				CLANG_WARN_QUOTED_INCLUDE_IN_FRAMEWORK_HEADER = YES;
				CLANG_WARN_RANGE_LOOP_ANALYSIS = YES;
				CLANG_WARN_STRICT_PROTOTYPES = YES;
				CLANG_WARN_SUSPICIOUS_MOVE = YES;
				CLANG_WARN_UNGUARDED_AVAILABILITY = YES_AGGRESSIVE;
				CLANG_WARN_UNREACHABLE_CODE = YES;
				CLANG_WARN__DUPLICATE_METHOD_MATCH = YES;
				COPY_PHASE_STRIP = NO;
				DEBUG_INFORMATION_FORMAT = dwarf;
				ENABLE_STRICT_OBJC_MSGSEND = YES;
				ENABLE_TESTABILITY = YES;
				ENABLE_USER_SCRIPT_SANDBOXING = YES;
				GCC_C_LANGUAGE_STANDARD = gnu17;
				GCC_DYNAMIC_NO_PIC = NO;
				GCC_NO_COMMON_BLOCKS = YES;
				GCC_OPTIMIZATION_LEVEL = 0;
				GCC_PREPROCESSOR_DEFINITIONS = (
					"DEBUG=1",
					"$(inherited)",
				);
				GCC_WARN_64_TO_32_BIT_CONVERSION = YES;
				GCC_WARN_ABOUT_RETURN_TYPE = YES_ERROR;
				GCC_WARN_UNDECLARED_SELECTOR = YES;
				GCC_WARN_UNINITIALIZED_AUTOS = YES_AGGRESSIVE;
				GCC_WARN_UNUSED_FUNCTION = YES;
				GCC_WARN_UNUSED_VARIABLE = YES;
				IPHONEOS_DEPLOYMENT_TARGET = 17.5;
				LOCALIZATION_PREFERS_STRING_CATALOGS = YES;
				MTL_ENABLE_DEBUG_INFO = INCLUDE_SOURCE;
				MTL_FAST_MATH = YES;
				ONLY_ACTIVE_ARCH = YES;
				SDKROOT = iphoneos;
				SWIFT_ACTIVE_COMPILATION_CONDITIONS = "DEBUG $(inherited)";
				SWIFT_OPTIMIZATION_LEVEL = "-Onone";
			};
			name = Debug;
		};
		F7EEE8AB2C1F05280045C760 /* Release */ = {
			isa = XCBuildConfiguration;
			buildSettings = {
				ALWAYS_SEARCH_USER_PATHS = NO;
				ASSETCATALOG_COMPILER_GENERATE_SWIFT_ASSET_SYMBOL_EXTENSIONS = YES;
				CLANG_ANALYZER_NONNULL = YES;
				CLANG_ANALYZER_NUMBER_OBJECT_CONVERSION = YES_AGGRESSIVE;
				CLANG_CXX_LANGUAGE_STANDARD = "gnu++20";
				CLANG_ENABLE_MODULES = YES;
				CLANG_ENABLE_OBJC_ARC = YES;
				CLANG_ENABLE_OBJC_WEAK = YES;
				CLANG_WARN_BLOCK_CAPTURE_AUTORELEASING = YES;
				CLANG_WARN_BOOL_CONVERSION = YES;
				CLANG_WARN_COMMA = YES;
				CLANG_WARN_CONSTANT_CONVERSION = YES;
				CLANG_WARN_DEPRECATED_OBJC_IMPLEMENTATIONS = YES;
				CLANG_WARN_DIRECT_OBJC_ISA_USAGE = YES_ERROR;
				CLANG_WARN_DOCUMENTATION_COMMENTS = YES;
				CLANG_WARN_EMPTY_BODY = YES;
				CLANG_WARN_ENUM_CONVERSION = YES;
				CLANG_WARN_INFINITE_RECURSION = YES;
				CLANG_WARN_INT_CONVERSION = YES;
				CLANG_WARN_NON_LITERAL_NULL_CONVERSION = YES;
				CLANG_WARN_OBJC_IMPLICIT_RETAIN_SELF = YES;
				CLANG_WARN_OBJC_LITERAL_CONVERSION = YES;
				CLANG_WARN_OBJC_ROOT_CLASS = YES_ERROR;
				CLANG_WARN_QUOTED_INCLUDE_IN_FRAMEWORK_HEADER = YES;
				CLANG_WARN_RANGE_LOOP_ANALYSIS = YES;
				CLANG_WARN_STRICT_PROTOTYPES = YES;
				CLANG_WARN_SUSPICIOUS_MOVE = YES;
				CLANG_WARN_UNGUARDED_AVAILABILITY = YES_AGGRESSIVE;
				CLANG_WARN_UNREACHABLE_CODE = YES;
				CLANG_WARN__DUPLICATE_METHOD_MATCH = YES;
				COPY_PHASE_STRIP = NO;
				DEBUG_INFORMATION_FORMAT = "dwarf-with-dsym";
				ENABLE_NS_ASSERTIONS = NO;
				ENABLE_STRICT_OBJC_MSGSEND = YES;
				ENABLE_USER_SCRIPT_SANDBOXING = YES;
				GCC_C_LANGUAGE_STANDARD = gnu17;
				GCC_NO_COMMON_BLOCKS = YES;
				GCC_WARN_64_TO_32_BIT_CONVERSION = YES;
				GCC_WARN_ABOUT_RETURN_TYPE = YES_ERROR;
				GCC_WARN_UNDECLARED_SELECTOR = YES;
				GCC_WARN_UNINITIALIZED_AUTOS = YES_AGGRESSIVE;
				GCC_WARN_UNUSED_FUNCTION = YES;
				GCC_WARN_UNUSED_VARIABLE = YES;
				IPHONEOS_DEPLOYMENT_TARGET = 17.5;
				LOCALIZATION_PREFERS_STRING_CATALOGS = YES;
				MTL_ENABLE_DEBUG_INFO = NO;
				MTL_FAST_MATH = YES;
				SDKROOT = iphoneos;
				SWIFT_COMPILATION_MODE = wholemodule;
				VALIDATE_PRODUCT = YES;
			};
			name = Release;
		};
		F7EEE8AD2C1F05280045C760 /* Debug */ = {
			isa = XCBuildConfiguration;
			buildSettings = {
				ASSETCATALOG_COMPILER_APPICON_NAME = AppIcon;
				ASSETCATALOG_COMPILER_GLOBAL_ACCENT_COLOR_NAME = AccentColor;
				CODE_SIGN_STYLE = Automatic;
				CURRENT_PROJECT_VERSION = 1;
				DEVELOPMENT_ASSET_PATHS = "\"HandCrafted/Preview Content\"";
				DEVELOPMENT_TEAM = 8XQ9PJA2W6;
				ENABLE_PREVIEWS = YES;
				GENERATE_INFOPLIST_FILE = YES;
				INFOPLIST_KEY_UIApplicationSceneManifest_Generation = YES;
				INFOPLIST_KEY_UIApplicationSupportsIndirectInputEvents = YES;
				INFOPLIST_KEY_UILaunchScreen_Generation = YES;
				INFOPLIST_KEY_UISupportedInterfaceOrientations_iPad = "UIInterfaceOrientationPortrait UIInterfaceOrientationPortraitUpsideDown UIInterfaceOrientationLandscapeLeft UIInterfaceOrientationLandscapeRight";
				INFOPLIST_KEY_UISupportedInterfaceOrientations_iPhone = "UIInterfaceOrientationPortrait UIInterfaceOrientationLandscapeLeft UIInterfaceOrientationLandscapeRight";
				LD_RUNPATH_SEARCH_PATHS = (
					"$(inherited)",
					"@executable_path/Frameworks",
				);
				MARKETING_VERSION = 1.0;
				PRODUCT_BUNDLE_IDENTIFIER = com.kneskoromny.HandCrafted;
				PRODUCT_NAME = "$(TARGET_NAME)";
				SWIFT_EMIT_LOC_STRINGS = YES;
				SWIFT_VERSION = 5.0;
				TARGETED_DEVICE_FAMILY = "1,2";
			};
			name = Debug;
		};
		F7EEE8AE2C1F05280045C760 /* Release */ = {
			isa = XCBuildConfiguration;
			buildSettings = {
				ASSETCATALOG_COMPILER_APPICON_NAME = AppIcon;
				ASSETCATALOG_COMPILER_GLOBAL_ACCENT_COLOR_NAME = AccentColor;
				CODE_SIGN_STYLE = Automatic;
				CURRENT_PROJECT_VERSION = 1;
				DEVELOPMENT_ASSET_PATHS = "\"HandCrafted/Preview Content\"";
				DEVELOPMENT_TEAM = 8XQ9PJA2W6;
				ENABLE_PREVIEWS = YES;
				GENERATE_INFOPLIST_FILE = YES;
				INFOPLIST_KEY_UIApplicationSceneManifest_Generation = YES;
				INFOPLIST_KEY_UIApplicationSupportsIndirectInputEvents = YES;
				INFOPLIST_KEY_UILaunchScreen_Generation = YES;
				INFOPLIST_KEY_UISupportedInterfaceOrientations_iPad = "UIInterfaceOrientationPortrait UIInterfaceOrientationPortraitUpsideDown UIInterfaceOrientationLandscapeLeft UIInterfaceOrientationLandscapeRight";
				INFOPLIST_KEY_UISupportedInterfaceOrientations_iPhone = "UIInterfaceOrientationPortrait UIInterfaceOrientationLandscapeLeft UIInterfaceOrientationLandscapeRight";
				LD_RUNPATH_SEARCH_PATHS = (
					"$(inherited)",
					"@executable_path/Frameworks",
				);
				MARKETING_VERSION = 1.0;
				PRODUCT_BUNDLE_IDENTIFIER = com.kneskoromny.HandCrafted;
				PRODUCT_NAME = "$(TARGET_NAME)";
				SWIFT_EMIT_LOC_STRINGS = YES;
				SWIFT_VERSION = 5.0;
				TARGETED_DEVICE_FAMILY = "1,2";
			};
			name = Release;
		};
/* End XCBuildConfiguration section */

/* Begin XCConfigurationList section */
		F7EEE8992C1F05260045C760 /* Build configuration list for PBXProject "HandCrafted" */ = {
			isa = XCConfigurationList;
			buildConfigurations = (
				F7EEE8AA2C1F05280045C760 /* Debug */,
				F7EEE8AB2C1F05280045C760 /* Release */,
			);
			defaultConfigurationIsVisible = 0;
			defaultConfigurationName = Release;
		};
		F7EEE8AC2C1F05280045C760 /* Build configuration list for PBXNativeTarget "HandCrafted" */ = {
			isa = XCConfigurationList;
			buildConfigurations = (
				F7EEE8AD2C1F05280045C760 /* Debug */,
				F7EEE8AE2C1F05280045C760 /* Release */,
			);
			defaultConfigurationIsVisible = 0;
			defaultConfigurationName = Release;
		};
/* End XCConfigurationList section */

/* Begin XCRemoteSwiftPackageReference section */
		F78D90BD2C34772F00CD9DBC /* XCRemoteSwiftPackageReference "firebase-ios-sdk" */ = {
			isa = XCRemoteSwiftPackageReference;
			repositoryURL = "https://github.com/firebase/firebase-ios-sdk";
			requirement = {
				kind = upToNextMajorVersion;
				minimumVersion = 10.28.1;
			};
		};
/* End XCRemoteSwiftPackageReference section */

/* Begin XCSwiftPackageProductDependency section */
		F78D90BE2C34772F00CD9DBC /* FirebaseAnalytics */ = {
			isa = XCSwiftPackageProductDependency;
			package = F78D90BD2C34772F00CD9DBC /* XCRemoteSwiftPackageReference "firebase-ios-sdk" */;
			productName = FirebaseAnalytics;
		};
		F78D90C02C34772F00CD9DBC /* FirebaseAnalyticsWithoutAdIdSupport */ = {
			isa = XCSwiftPackageProductDependency;
			package = F78D90BD2C34772F00CD9DBC /* XCRemoteSwiftPackageReference "firebase-ios-sdk" */;
			productName = FirebaseAnalyticsWithoutAdIdSupport;
		};
		F78D90C22C34772F00CD9DBC /* FirebaseAuth */ = {
			isa = XCSwiftPackageProductDependency;
			package = F78D90BD2C34772F00CD9DBC /* XCRemoteSwiftPackageReference "firebase-ios-sdk" */;
			productName = FirebaseAuth;
		};
		F78D90C42C34772F00CD9DBC /* FirebaseCrashlytics */ = {
			isa = XCSwiftPackageProductDependency;
			package = F78D90BD2C34772F00CD9DBC /* XCRemoteSwiftPackageReference "firebase-ios-sdk" */;
			productName = FirebaseCrashlytics;
		};
		F78D90C62C34772F00CD9DBC /* FirebaseDatabase */ = {
			isa = XCSwiftPackageProductDependency;
			package = F78D90BD2C34772F00CD9DBC /* XCRemoteSwiftPackageReference "firebase-ios-sdk" */;
			productName = FirebaseDatabase;
		};
		F78D90C82C34772F00CD9DBC /* FirebaseDynamicLinks */ = {
			isa = XCSwiftPackageProductDependency;
			package = F78D90BD2C34772F00CD9DBC /* XCRemoteSwiftPackageReference "firebase-ios-sdk" */;
			productName = FirebaseDynamicLinks;
		};
		F78D90CA2C34772F00CD9DBC /* FirebaseFirestore */ = {
			isa = XCSwiftPackageProductDependency;
			package = F78D90BD2C34772F00CD9DBC /* XCRemoteSwiftPackageReference "firebase-ios-sdk" */;
			productName = FirebaseFirestore;
		};
		F78D90CC2C34772F00CD9DBC /* FirebaseInstallations */ = {
			isa = XCSwiftPackageProductDependency;
			package = F78D90BD2C34772F00CD9DBC /* XCRemoteSwiftPackageReference "firebase-ios-sdk" */;
			productName = FirebaseInstallations;
		};
		F78D90CE2C34772F00CD9DBC /* FirebaseMessaging */ = {
			isa = XCSwiftPackageProductDependency;
			package = F78D90BD2C34772F00CD9DBC /* XCRemoteSwiftPackageReference "firebase-ios-sdk" */;
			productName = FirebaseMessaging;
		};
		F78D90D02C34772F00CD9DBC /* FirebasePerformance */ = {
			isa = XCSwiftPackageProductDependency;
			package = F78D90BD2C34772F00CD9DBC /* XCRemoteSwiftPackageReference "firebase-ios-sdk" */;
			productName = FirebasePerformance;
		};
		F78D90D22C34772F00CD9DBC /* FirebaseRemoteConfig */ = {
			isa = XCSwiftPackageProductDependency;
			package = F78D90BD2C34772F00CD9DBC /* XCRemoteSwiftPackageReference "firebase-ios-sdk" */;
			productName = FirebaseRemoteConfig;
		};
		F78D90D42C34772F00CD9DBC /* FirebaseStorage */ = {
			isa = XCSwiftPackageProductDependency;
			package = F78D90BD2C34772F00CD9DBC /* XCRemoteSwiftPackageReference "firebase-ios-sdk" */;
			productName = FirebaseStorage;
		};
/* End XCSwiftPackageProductDependency section */
	};
	rootObject = F7EEE8962C1F05260045C760 /* Project object */;
}
